version = 1
revision = 3
requires-python = ">=3.12"

[[package]]
name = "ftservo-python-sdk"
version = "2.0.0"
source = { registry = "https://pypi.org/simple" }
dependencies = [
    { name = "pyserial" },
]
sdist = { url = "https://files.pythonhosted.org/packages/fe/da/d3f07d88136d338d075df06eaee4e4ada90da03f37dbdea63d339b3341d0/ftservo_python_sdk-2.0.0.tar.gz", hash = "sha256:4ffad15e4d31ecd386fe941abcb8bb23b9f50f2825e5681786c5170c34dc9a5f", size = 13354, upload-time = "2025-04-17T12:31:07.401Z" }
wheels = [
    { url = "https://files.pythonhosted.org/packages/a2/a5/a7dad40ae9ae48180c7c595b4af62df63fcf0ce83c097bf4307f4ebfaa16/ftservo_python_sdk-2.0.0-py3-none-any.whl", hash = "sha256:c8303df01b2c772f3e1dffbb3b789e2d39545f6fb187ec45032c7737356be2a4", size = 12172, upload-time = "2025-04-17T12:31:05.78Z" },
]

[[package]]
name = "pyserial"
version = "3.5"
source = { registry = "https://pypi.org/simple" }
sdist = { url = "https://files.pythonhosted.org/packages/1e/7d/ae3f0a63f41e4d2f6cb66a5b57197850f919f59e558159a4dd3a818f5082/pyserial-3.5.tar.gz", hash = "sha256:3c77e014170dfffbd816e6ffc205e9842efb10be9f58ec16d3e8675b4925cddb", size = 159125, upload-time = "2020-11-23T03:59:15.045Z" }
wheels = [
    { url = "https://files.pythonhosted.org/packages/07/bc/587a445451b253b285629263eb51c2d8e9bcea4fc97826266d186f96f558/pyserial-3.5-py2.py3-none-any.whl", hash = "sha256:c4451db6ba391ca6ca299fb3ec7bae67a5c55dde170964c7a14ceefec02f2cf0", size = 90585, upload-time = "2020-11-23T03:59:13.41Z" },
]

[[package]]
name = "zeroth-01-tests"
version = "0.1.0"
source = { virtual = "." }
dependencies = [
    { name = "ftservo-python-sdk" },
    { name = "pyserial" },
]

[package.metadata]
requires-dist = [
    { name = "ftservo-python-sdk", specifier = ">=2.0.0" },
    { name = "pyserial", specifier = ">=3.5" },
]
